
Microsoft Visual Studio Solution File, Format Version 12.00
# Visual Studio Version 16
VisualStudioVersion = 16.0.29409.12
MinimumVisualStudioVersion = 10.0.40219.1
Project("{FAE04EC0-301F-11D3-BF4B-00C04F79EFBC}") = "HW_06_Task2", "HW_06_Task2\HW_06_Task2.csproj", "{CBDBEFC9-1D00-46E5-964B-F18EDBD0E316}"
EndProject
Global
	GlobalSection(SolutionConfigurationPlatforms) = preSolution
		Debug|Any CPU = Debug|Any CPU
		Release|Any CPU = Release|Any CPU
	EndGlobalSection
	GlobalSection(ProjectConfigurationPlatforms) = postSolution
		{CBDBEFC9-1D00-46E5-964B-F18EDBD0E316}.Debug|Any CPU.ActiveCfg = Debug|Any CPU
		{CBDBEFC9-1D00-46E5-964B-F18EDBD0E316}.Debug|Any CPU.Build.0 = Debug|Any CPU
		{CBDBEFC9-1D00-46E5-964B-F18EDBD0E316}.Release|Any CPU.ActiveCfg = Release|Any CPU
		{CBDBEFC9-1D00-46E5-964B-F18EDBD0E316}.Release|Any CPU.Build.0 = Release|Any CPU
	EndGlobalSection
	GlobalSection(SolutionProperties) = preSolution
		HideSolutionNode = FALSE
	EndGlobalSection
	GlobalSection(ExtensibilityGlobals) = postSolution
		SolutionGuid = {463351DF-5051-4EDE-9192-818F0C7D7C49}
	EndGlobalSection
EndGlobal
