
Microsoft Visual Studio Solution File, Format Version 12.00
# Visual Studio Version 16
VisualStudioVersion = 16.0.29324.140
MinimumVisualStudioVersion = 10.0.40219.1
Project("{FAE04EC0-301F-11D3-BF4B-00C04F79EFBC}") = "HW_04_Task1", "HW_04_Task1\HW_04_Task1.csproj", "{8A310EE6-8EC5-42FF-9716-059653F840FD}"
EndProject
Global
	GlobalSection(SolutionConfigurationPlatforms) = preSolution
		Debug|Any CPU = Debug|Any CPU
		Release|Any CPU = Release|Any CPU
	EndGlobalSection
	GlobalSection(ProjectConfigurationPlatforms) = postSolution
		{8A310EE6-8EC5-42FF-9716-059653F840FD}.Debug|Any CPU.ActiveCfg = Debug|Any CPU
		{8A310EE6-8EC5-42FF-9716-059653F840FD}.Debug|Any CPU.Build.0 = Debug|Any CPU
		{8A310EE6-8EC5-42FF-9716-059653F840FD}.Release|Any CPU.ActiveCfg = Release|Any CPU
		{8A310EE6-8EC5-42FF-9716-059653F840FD}.Release|Any CPU.Build.0 = Release|Any CPU
	EndGlobalSection
	GlobalSection(SolutionProperties) = preSolution
		HideSolutionNode = FALSE
	EndGlobalSection
	GlobalSection(ExtensibilityGlobals) = postSolution
		SolutionGuid = {F474E15D-DC4E-4373-8363-254DD01843CC}
	EndGlobalSection
EndGlobal
