
Microsoft Visual Studio Solution File, Format Version 12.00
# Visual Studio Version 16
VisualStudioVersion = 16.0.29324.140
MinimumVisualStudioVersion = 10.0.40219.1
Project("{FAE04EC0-301F-11D3-BF4B-00C04F79EFBC}") = "HW_03_Task2", "HW_03_Task2\HW_03_Task2.csproj", "{8A3278A6-4A8A-47F8-B80E-572E5FF398AB}"
EndProject
Global
	GlobalSection(SolutionConfigurationPlatforms) = preSolution
		Debug|Any CPU = Debug|Any CPU
		Release|Any CPU = Release|Any CPU
	EndGlobalSection
	GlobalSection(ProjectConfigurationPlatforms) = postSolution
		{8A3278A6-4A8A-47F8-B80E-572E5FF398AB}.Debug|Any CPU.ActiveCfg = Debug|Any CPU
		{8A3278A6-4A8A-47F8-B80E-572E5FF398AB}.Debug|Any CPU.Build.0 = Debug|Any CPU
		{8A3278A6-4A8A-47F8-B80E-572E5FF398AB}.Release|Any CPU.ActiveCfg = Release|Any CPU
		{8A3278A6-4A8A-47F8-B80E-572E5FF398AB}.Release|Any CPU.Build.0 = Release|Any CPU
	EndGlobalSection
	GlobalSection(SolutionProperties) = preSolution
		HideSolutionNode = FALSE
	EndGlobalSection
	GlobalSection(ExtensibilityGlobals) = postSolution
		SolutionGuid = {91B61FC0-3EEE-483F-8C94-0F69A93B11FD}
	EndGlobalSection
EndGlobal
